
Microsoft Visual Studio Solution File, Format Version 12.00
# Visual Studio Version 16
VisualStudioVersion = 16.0.29709.97
MinimumVisualStudioVersion = 10.0.40219.1
Project("{FAE04EC0-301F-11D3-BF4B-00C04F79EFBC}") = "Lab1_3", "Lab1_3\Lab1_3.csproj", "{AB2E2FE4-B919-47EF-BCFD-208ECC1C239A}"
EndProject
Global
	GlobalSection(SolutionConfigurationPlatforms) = preSolution
		Debug|Any CPU = Debug|Any CPU
		Release|Any CPU = Release|Any CPU
	EndGlobalSection
	GlobalSection(ProjectConfigurationPlatforms) = postSolution
		{AB2E2FE4-B919-47EF-BCFD-208ECC1C239A}.Debug|Any CPU.ActiveCfg = Debug|Any CPU
		{AB2E2FE4-B919-47EF-BCFD-208ECC1C239A}.Debug|Any CPU.Build.0 = Debug|Any CPU
		{AB2E2FE4-B919-47EF-BCFD-208ECC1C239A}.Release|Any CPU.ActiveCfg = Release|Any CPU
		{AB2E2FE4-B919-47EF-BCFD-208ECC1C239A}.Release|Any CPU.Build.0 = Release|Any CPU
	EndGlobalSection
	GlobalSection(SolutionProperties) = preSolution
		HideSolutionNode = FALSE
	EndGlobalSection
	GlobalSection(ExtensibilityGlobals) = postSolution
		SolutionGuid = {FE501276-C8E7-4CFA-B662-A060325B2FCA}
	EndGlobalSection
EndGlobal
