
Microsoft Visual Studio Solution File, Format Version 12.00
# Visual Studio Version 16
VisualStudioVersion = 16.0.31112.23
MinimumVisualStudioVersion = 10.0.40219.1
Project("{FAE04EC0-301F-11D3-BF4B-00C04F79EFBC}") = "Lab3_1", "Lab3_1\Lab3_1.csproj", "{989AFD4E-8E35-4ED5-AEC2-C129A9C6730D}"
EndProject
Global
	GlobalSection(SolutionConfigurationPlatforms) = preSolution
		Debug|Any CPU = Debug|Any CPU
		Release|Any CPU = Release|Any CPU
	EndGlobalSection
	GlobalSection(ProjectConfigurationPlatforms) = postSolution
		{989AFD4E-8E35-4ED5-AEC2-C129A9C6730D}.Debug|Any CPU.ActiveCfg = Debug|Any CPU
		{989AFD4E-8E35-4ED5-AEC2-C129A9C6730D}.Debug|Any CPU.Build.0 = Debug|Any CPU
		{989AFD4E-8E35-4ED5-AEC2-C129A9C6730D}.Release|Any CPU.ActiveCfg = Release|Any CPU
		{989AFD4E-8E35-4ED5-AEC2-C129A9C6730D}.Release|Any CPU.Build.0 = Release|Any CPU
	EndGlobalSection
	GlobalSection(SolutionProperties) = preSolution
		HideSolutionNode = FALSE
	EndGlobalSection
	GlobalSection(ExtensibilityGlobals) = postSolution
		SolutionGuid = {214A6DE9-5DA3-4158-8D1C-09D79A30F38C}
	EndGlobalSection
EndGlobal
